github.com/andybalholm/brotli v1.1.1 h1:PR2pgnyFznKEugtsUo0xLdDop5SKXd5Qf5ysW+7XdTA=
github.com/andybalholm/brotli v1.1.1/go.mod h1:05ib4cKhjx3OQYUY22hTVd34Bc8upXjOLL2rKwwZBoA=
github.com/cloudflare/circl v1.6.0 h1:cr5JKic4HI+LkINy2lg3W2jF8sHCVTBncJr5gIIq7qk=
github.com/cloudflare/circl v1.6.0/go.mod h1:uddAzsPgqdMAYatqJ0lsjX1oECcQLIlRpzZh3pJrofs=
github.com/klauspost/compress v1.18.0 h1:c/Cqfb0r+Yi+JtIEq73FWXVkRonBlf0CRNYc8Zttxdo=
github.com/klauspost/compress v1.18.0/go.mod h1:2Pp+KzxcywXVXMr50+X0Q/Lsb43OQHYWRCY2AiWywWQ=
github.com/repeale/fp-go v0.11.1 h1:Q/e+gNyyHaxKAyfdbBqvip3DxhVWH453R+kthvSr9Mk=
github.com/repeale/fp-go v0.11.1/go.mod h1:4KrwQJB1VRY+06CA+jTc4baZetr6o2PeuqnKr5ybQUc=
github.com/samber/lo v1.39.0 h1:4gTz1wUhNYLhFSKl6O+8peW0v2F4BCY034GRpU9WnuA=
github.com/samber/lo v1.39.0/go.mod h1:+m/ZKRl6ClXCE2Lgf3MsQlWfh4bn1bz6CXEOxnEXnEA=
github.com/vimbing/fhttp v0.0.0-20240902131043-367aeb508300 h1:FTAS7JI0Q4c9Pzu7F+HNn56m2ejLr5Mt6Mjd5Sf49xg=
github.com/vimbing/fhttp v0.0.0-20240902131043-367aeb508300/go.mod h1:mHEq0iWSUaTWJ1vxJdhl7B2PIR514RRapLeKF7/0brE=
github.com/vimbing/retry v0.0.0-20240429231038-75d39d3774db h1:3unER8Y6uLCI3ahtotg2KK0GyiYZsfTkJJjhQ+tK0WY=
github.com/vimbing/retry v0.0.0-20240429231038-75d39d3774db/go.mod h1:KpRUUhEkH+ulbRjS7M/RnWODdcvvoPxr5HeZLRyqACc=
github.com/vimbing/vutls v0.0.0-20241219142238-895baacb39c7 h1:M72gpL5cPjHttrULrKGQZ80b30WVgIaZ3PyEo+34G54=
github.com/vimbing/vutls v0.0.0-20241219142238-895baacb39c7/go.mod h1:3nxx+oK05t0NyEtgxHBRUwd4nw/70CAblSCKMJWK7T4=
github.com/vimbing/vutls v0.0.0-20250328023240-0dd7ce0fa484 h1:PIXxImW9DFLejgTKfeIRq4whPc+uiv2hzU8xAXElEgM=
github.com/vimbing/vutls v0.0.0-20250328023240-0dd7ce0fa484/go.mod h1:3nxx+oK05t0NyEtgxHBRUwd4nw/70CAblSCKMJWK7T4=
github.com/vimbing/vutls v0.0.0-20250328024338-26d85cea3067 h1:KzN5K88mkovuXuuemjhsrShhfPZwBVqZhLWW+j8WrA4=
github.com/vimbing/vutls v0.0.0-20250328024338-26d85cea3067/go.mod h1:3nxx+oK05t0NyEtgxHBRUwd4nw/70CAblSCKMJWK7T4=
github.com/vimbing/vutls v0.0.0-20250328024808-3111a30e0f98 h1:SWLL58jy5CJUVyzBV5QscqU2DtJaCdkoG9Qv4GEAKa8=
github.com/vimbing/vutls v0.0.0-20250328024808-3111a30e0f98/go.mod h1:3nxx+oK05t0NyEtgxHBRUwd4nw/70CAblSCKMJWK7T4=
github.com/vimbing/vutls v0.0.0-20250328030101-4c3bb00283b2 h1:lMaTb9/hAH8DzpXS3mlQjQaJAZ7tYONrVXRr9s9sqjM=
github.com/vimbing/vutls v0.0.0-20250328030101-4c3bb00283b2/go.mod h1:3nxx+oK05t0NyEtgxHBRUwd4nw/70CAblSCKMJWK7T4=
github.com/vimbing/vutls v0.0.0-20250328030238-98149a4a3d48 h1:qL0vsYGfmBPj13tHyejFF5okublCsBc+IbaZpg1wX2E=
github.com/vimbing/vutls v0.0.0-20250328030238-98149a4a3d48/go.mod h1:3nxx+oK05t0NyEtgxHBRUwd4nw/70CAblSCKMJWK7T4=
github.com/xyproto/randomstring v1.0.5 h1:YtlWPoRdgMu3NZtP45drfy1GKoojuR7hmRcnhZqKjWU=
github.com/xyproto/randomstring v1.0.5/go.mod h1:rgmS5DeNXLivK7YprL0pY+lTuhNQW3iGxZ18UQApw/E=
golang.org/x/crypto v0.36.0 h1:AnAEvhDddvBdpY+uR+MyHmuZzzNqXSe/GvuDeob5L34=
golang.org/x/crypto v0.36.0/go.mod h1:Y4J0ReaxCR1IMaabaSMugxJES1EpwhBHhv2bDHklZvc=
golang.org/x/exp v0.0.0-20220303212507-bbda1eaf7a17 h1:3MTrJm4PyNL9NBqvYDSj3DHl46qQakyfqfWo4jgfaEM=
golang.org/x/exp v0.0.0-20220303212507-bbda1eaf7a17/go.mod h1:lgLbSvA5ygNOMpwM/9anMpWVlVJ7Z+cHWq/eFuinpGE=
golang.org/x/net v0.26.0 h1:soB7SVo0PWrY4vPW/+ay0jKDNScG2X9wFeYlXIvJsOQ=
golang.org/x/net v0.26.0/go.mod h1:5YKkiSynbBIh3p6iOc/vibscux0x38BZDkn8sCUPxHE=
golang.org/x/sys v0.31.0 h1:ioabZlmFYtWhL+TRYpcnNlLwhyxaM9kWTDEmfnprqik=
golang.org/x/sys v0.31.0/go.mod h1:BJP2sWEmIv4KK5OTEluFJCKSidICx8ciO85XgH3Ak8k=
golang.org/x/text v0.23.0 h1:D71I7dUrlY+VX0gQShAThNGHFxZ13dGLBHQLVl1mJlY=
golang.org/x/text v0.23.0/go.mod h1:/BLNzu4aZCJ1+kcD0DNRotWKage4q2rGVAg4o22unh4=
